<?xml version="1.0" encoding="utf-8"?>
<Project ToolsVersion="4.0" xmlns="http://schemas.microsoft.com/developer/msbuild/2003">
  <ItemGroup>
    <Filter Include="Source Files">
      <UniqueIdentifier>{4FC737F1-C7A5-4376-A066-2A32D752A2FF}</UniqueIdentifier>
      <Extensions>cpp;c;cc;cxx;def;odl;idl;hpj;bat;asm;asmx</Extensions>
    </Filter>
    <Filter Include="Header Files">
      <UniqueIdentifier>{93995380-89BD-4b04-88EB-625FBE52EBFB}</UniqueIdentifier>
      <Extensions>h;hh;hpp;hxx;hm;inl;inc;xsd</Extensions>
    </Filter>
    <Filter Include="Resource Files">
      <UniqueIdentifier>{D9D6E242-F8AF-46E4-B9FD-80ECBC20BA3E}</UniqueIdentifier>
      <Extensions>qrc;*</Extensions>
      <ParseFiles>false</ParseFiles>
    </Filter>
    <Filter Include="Form Files">
      <UniqueIdentifier>{99349809-55BA-4b9d-BF79-8FDBB0286EB3}</UniqueIdentifier>
      <Extensions>ui</Extensions>
    </Filter>
    <Filter Include="Resource Files">
      <UniqueIdentifier>{D9D6E242-F8AF-46E4-B9FD-80ECBC20BA3E}</UniqueIdentifier>
      <Extensions>qrc;*</Extensions>
      <ParseFiles>false</ParseFiles>
    </Filter>
    <Filter Include="Generated Files">
      <UniqueIdentifier>{71ED8ED8-ACB9-4CE9-BBE1-E00B30144E11}</UniqueIdentifier>
      <Extensions>moc;h;cpp</Extensions>
      <SourceControlFiles>False</SourceControlFiles>
    </Filter>
    <Filter Include="Generated Files\Debug">
      <UniqueIdentifier>{aad479f2-0b7f-49fe-932c-72c64f3c7ba6}</UniqueIdentifier>
      <Extensions>cpp;moc</Extensions>
      <SourceControlFiles>False</SourceControlFiles>
    </Filter>
    <Filter Include="Generated Files\Release">
      <UniqueIdentifier>{2c54cdd4-ca86-4573-bb38-a99f93febd66}</UniqueIdentifier>
      <Extensions>cpp;moc</Extensions>
      <SourceControlFiles>False</SourceControlFiles>
    </Filter>
  </ItemGroup>
  <ItemGroup>
    <ClCompile Include="main.cpp">
      <Filter>Source Files</Filter>
    </ClCompile>
    <ClCompile Include="stdafx.cpp">
      <Filter>Source Files</Filter>
    </ClCompile>
    <ClCompile Include="GeneratedFiles\qrc_KanColl.cpp">
      <Filter>Generated Files</Filter>
    </ClCompile>
    <ClCompile Include="SWFDecoder.cpp">
      <Filter>Source Files</Filter>
    </ClCompile>
    <ClCompile Include="swfstruct.cpp">
      <Filter>Source Files</Filter>
    </ClCompile>
    <ClCompile Include="LBitsField.cpp">
      <Filter>Source Files</Filter>
    </ClCompile>
    <ClCompile Include="LByteStream.cpp">
      <Filter>Source Files</Filter>
    </ClCompile>
    <ClCompile Include="GameCache.cpp">
      <Filter>Source Files</Filter>
    </ClCompile>
    <ClCompile Include="GeneratedFiles\Debug\moc_PreviewWidget.cpp">
      <Filter>Generated Files\Debug</Filter>
    </ClCompile>
    <ClCompile Include="GeneratedFiles\Release\moc_PreviewWidget.cpp">
      <Filter>Generated Files\Release</Filter>
    </ClCompile>
    <ClCompile Include="PreviewWidget.cpp">
      <Filter>Source Files</Filter>
    </ClCompile>
    <ClCompile Include="KanColl.cpp">
      <Filter>Source Files</Filter>
    </ClCompile>
    <ClCompile Include="GeneratedFiles\Debug\moc_KanColl.cpp">
      <Filter>Generated Files\Debug</Filter>
    </ClCompile>
    <ClCompile Include="GeneratedFiles\Release\moc_KanColl.cpp">
      <Filter>Generated Files\Release</Filter>
    </ClCompile>
    <ClCompile Include="GeneratedFiles\Debug\moc_ShipDockWidget.cpp">
      <Filter>Generated Files\Debug</Filter>
    </ClCompile>
    <ClCompile Include="GeneratedFiles\Release\moc_ShipDockWidget.cpp">
      <Filter>Generated Files\Release</Filter>
    </ClCompile>
    <ClCompile Include="ShipDockWidget.cpp">
      <Filter>Source Files</Filter>
    </ClCompile>
  </ItemGroup>
  <ItemGroup>
    <ClInclude Include="stdafx.h">
      <Filter>Header Files</Filter>
    </ClInclude>
    <ClInclude Include="GeneratedFiles\ui_KanColl.h">
      <Filter>Generated Files</Filter>
    </ClInclude>
    <ClInclude Include="LFile.h">
      <Filter>Header Files</Filter>
    </ClInclude>
    <ClInclude Include="SWFDecoder.h">
      <Filter>Header Files</Filter>
    </ClInclude>
    <ClInclude Include="swfstruct.h">
      <Filter>Header Files</Filter>
    </ClInclude>
    <ClInclude Include="LBitsField.h">
      <Filter>Header Files</Filter>
    </ClInclude>
    <ClInclude Include="LByteStream.h">
      <Filter>Header Files</Filter>
    </ClInclude>
    <ClInclude Include="GameCache.h">
      <Filter>Header Files</Filter>
    </ClInclude>
    <ClInclude Include="GeneratedFiles\ui_ShipDockWidget.h">
      <Filter>Generated Files</Filter>
    </ClInclude>
  </ItemGroup>
  <ItemGroup>
    <CustomBuild Include="KanColl.ui">
      <Filter>Form Files</Filter>
    </CustomBuild>
    <CustomBuild Include="KanColl.qrc">
      <Filter>Resource Files</Filter>
    </CustomBuild>
    <CustomBuild Include="PreviewWidget.h">
      <Filter>Header Files</Filter>
    </CustomBuild>
    <CustomBuild Include="KanColl.h">
      <Filter>Header Files</Filter>
    </CustomBuild>
    <CustomBuild Include="ShipDockWidget.h">
      <Filter>Header Files</Filter>
    </CustomBuild>
    <CustomBuild Include="ShipDockWidget.ui">
      <Filter>Form Files</Filter>
    </CustomBuild>
  </ItemGroup>
  <ItemGroup>
    <Natvis Include="NatvisFile.natvis" />
  </ItemGroup>
</Project>