<?xml version="1.0" encoding="utf-8"?>
<Project ToolsVersion="4.0" xmlns="http://schemas.microsoft.com/developer/msbuild/2003">
  <ItemGroup>
    <ClCompile Include="GeneratedFiles\qrc_KanColl.cpp">
      <Filter>src\GeneratedFiles</Filter>
    </ClCompile>
    <ClCompile Include="GeneratedFiles\Debug\moc_KanColl.cpp">
      <Filter>src\GeneratedFiles\Debug</Filter>
    </ClCompile>
    <ClCompile Include="GeneratedFiles\Debug\moc_PreviewWidget.cpp">
      <Filter>src\GeneratedFiles\Debug</Filter>
    </ClCompile>
    <ClCompile Include="GeneratedFiles\Debug\moc_ShipDockWidget.cpp">
      <Filter>src\GeneratedFiles\Debug</Filter>
    </ClCompile>
    <ClCompile Include="GeneratedFiles\Release\moc_KanColl.cpp">
      <Filter>src\GeneratedFiles\Release</Filter>
    </ClCompile>
    <ClCompile Include="GeneratedFiles\Release\moc_PreviewWidget.cpp">
      <Filter>src\GeneratedFiles\Release</Filter>
    </ClCompile>
    <ClCompile Include="GeneratedFiles\Release\moc_ShipDockWidget.cpp">
      <Filter>src\GeneratedFiles\Release</Filter>
    </ClCompile>
    <ClCompile Include="LBitsField.cpp">
      <Filter>src\tools</Filter>
    </ClCompile>
    <ClCompile Include="LByteStream.cpp">
      <Filter>src\tools</Filter>
    </ClCompile>
    <ClCompile Include="SWFDecoder.cpp">
      <Filter>src\tools</Filter>
    </ClCompile>
    <ClCompile Include="swfstruct.cpp">
      <Filter>src\tools</Filter>
    </ClCompile>
    <ClCompile Include="GameCache.cpp">
      <Filter>src</Filter>
    </ClCompile>
    <ClCompile Include="KanColl.cpp">
      <Filter>src</Filter>
    </ClCompile>
    <ClCompile Include="main.cpp">
      <Filter>src</Filter>
    </ClCompile>
    <ClCompile Include="PreviewWidget.cpp">
      <Filter>src</Filter>
    </ClCompile>
    <ClCompile Include="ShipDockWidget.cpp">
      <Filter>src</Filter>
    </ClCompile>
    <ClCompile Include="stdafx.cpp">
      <Filter>src</Filter>
    </ClCompile>
  </ItemGroup>
  <ItemGroup>
    <CustomBuild Include="KanColl.ui">
      <Filter>src\ui</Filter>
    </CustomBuild>
    <CustomBuild Include="ShipDockWidget.ui">
      <Filter>src\ui</Filter>
    </CustomBuild>
    <CustomBuild Include="KanColl.qrc">
      <Filter>other</Filter>
    </CustomBuild>
    <CustomBuild Include="NatvisFile.natvis">
      <Filter>other</Filter>
    </CustomBuild>
    <CustomBuild Include="GeneratedFiles\ui_KanColl.h">
      <Filter>src\GeneratedFiles</Filter>
    </CustomBuild>
    <CustomBuild Include="GeneratedFiles\ui_ShipDockWidget.h">
      <Filter>src\GeneratedFiles</Filter>
    </CustomBuild>
    <CustomBuild Include="KanColl.user">
      <Filter>other</Filter>
    </CustomBuild>
    <CustomBuild Include="LBitsField.h">
      <Filter>src\tools</Filter>
    </CustomBuild>
    <CustomBuild Include="LByteStream.h">
      <Filter>src\tools</Filter>
    </CustomBuild>
    <CustomBuild Include="LFile.h">
      <Filter>src\tools</Filter>
    </CustomBuild>
    <CustomBuild Include="SWFDecoder.h">
      <Filter>src\tools</Filter>
    </CustomBuild>
    <CustomBuild Include="swfstruct.h">
      <Filter>src\tools</Filter>
    </CustomBuild>
    <CustomBuild Include="GameCache.h">
      <Filter>src</Filter>
    </CustomBuild>
    <CustomBuild Include="KanColl.h">
      <Filter>src</Filter>
    </CustomBuild>
    <CustomBuild Include="PreviewWidget.h">
      <Filter>src</Filter>
    </CustomBuild>
    <CustomBuild Include="ShipDockWidget.h">
      <Filter>src</Filter>
    </CustomBuild>
    <CustomBuild Include="stdafx.h">
      <Filter>src</Filter>
    </CustomBuild>
  </ItemGroup>
  <ItemGroup>
    <Filter Include="other">
      <UniqueIdentifier>{99478a5b-5abb-4a39-9441-258eecfc59c4}</UniqueIdentifier>
    </Filter>
    <Filter Include="src">
      <UniqueIdentifier>{ccf4a484-26a8-4407-8470-51bfd87189e6}</UniqueIdentifier>
    </Filter>
    <Filter Include="src\tools">
      <UniqueIdentifier>{8fed837a-1e52-4f8b-b757-f0990aa537e7}</UniqueIdentifier>
    </Filter>
    <Filter Include="src\GeneratedFiles">
      <UniqueIdentifier>{fe5177db-7532-4dbd-a45d-792ab1aa0130}</UniqueIdentifier>
    </Filter>
    <Filter Include="src\GeneratedFiles\Debug">
      <UniqueIdentifier>{f8c396c9-740a-4d0f-9b6d-8bde30499f45}</UniqueIdentifier>
    </Filter>
    <Filter Include="src\GeneratedFiles\Release">
      <UniqueIdentifier>{1a25beb4-f61c-4d70-b14e-58e189dacd00}</UniqueIdentifier>
    </Filter>
    <Filter Include="src\ui">
      <UniqueIdentifier>{53e5495f-7900-4553-bb53-5e606ebce6ae}</UniqueIdentifier>
    </Filter>
  </ItemGroup>
</Project>